// !$*UTF8*$!
{
	archiveVersion = 1;
	classes = {
	};
	objectVersion = 46;
	objects = {

/* Begin PBXBuildFile section */
		F31C9AC71B6E80DC00B322A9 /* Prosumma.h in Headers */ = {isa = PBXBuildFile; fileRef = F31C9AC61B6E80DC00B322A9 /* Prosumma.h */; settings = {ATTRIBUTES = (Public, ); }; };
		F31C9ACE1B6E80DC00B322A9 /* Prosumma.framework in Frameworks */ = {isa = PBXBuildFile; fileRef = F31C9AC31B6E80DC00B322A9 /* Prosumma.framework */; };
		F31C9AD31B6E80DC00B322A9 /* ProsummaTests.swift in Sources */ = {isa = PBXBuildFile; fileRef = F31C9AD21B6E80DC00B322A9 /* ProsummaTests.swift */; };
		F31C9ADF1B6E80FB00B322A9 /* PROKeyValueObservation.h in Headers */ = {isa = PBXBuildFile; fileRef = F31C9ADD1B6E80FB00B322A9 /* PROKeyValueObservation.h */; settings = {ATTRIBUTES = (Public, ); }; };
		F31C9AE01B6E80FB00B322A9 /* PROKeyValueObservation.m in Sources */ = {isa = PBXBuildFile; fileRef = F31C9ADE1B6E80FB00B322A9 /* PROKeyValueObservation.m */; };
		F31C9AE11B6E80FB00B322A9 /* PROKeyValueObservation.m in Sources */ = {isa = PBXBuildFile; fileRef = F31C9ADE1B6E80FB00B322A9 /* PROKeyValueObservation.m */; };
		F33CA3571B6E97A5004D3085 /* Prosumma.framework in Frameworks */ = {isa = PBXBuildFile; fileRef = F33CA34D1B6E97A4004D3085 /* Prosumma.framework */; };
		F35C57FC1B6E994200340013 /* PROKeyValueObservation.h in Headers */ = {isa = PBXBuildFile; fileRef = F31C9ADD1B6E80FB00B322A9 /* PROKeyValueObservation.h */; settings = {ATTRIBUTES = (Public, ); }; };
		F35C57FD1B6E99B300340013 /* PROKeyValueObservation.m in Sources */ = {isa = PBXBuildFile; fileRef = F31C9ADE1B6E80FB00B322A9 /* PROKeyValueObservation.m */; };
		F35C57FE1B6E99B400340013 /* PROKeyValueObservation.m in Sources */ = {isa = PBXBuildFile; fileRef = F31C9ADE1B6E80FB00B322A9 /* PROKeyValueObservation.m */; };
/* End PBXBuildFile section */

/* Begin PBXContainerItemProxy section */
		F31C9ACF1B6E80DC00B322A9 /* PBXContainerItemProxy */ = {
			isa = PBXContainerItemProxy;
			containerPortal = F31C9ABA1B6E80DC00B322A9 /* Project object */;
			proxyType = 1;
			remoteGlobalIDString = F31C9AC21B6E80DC00B322A9;
			remoteInfo = Prosumma;
		};
		F33CA3581B6E97A5004D3085 /* PBXContainerItemProxy */ = {
			isa = PBXContainerItemProxy;
			containerPortal = F31C9ABA1B6E80DC00B322A9 /* Project object */;
			proxyType = 1;
			remoteGlobalIDString = F33CA34C1B6E97A4004D3085;
			remoteInfo = Prosumma;
		};
/* End PBXContainerItemProxy section */

/* Begin PBXFileReference section */
		F31C9AC31B6E80DC00B322A9 /* Prosumma.framework */ = {isa = PBXFileReference; explicitFileType = wrapper.framework; includeInIndex = 0; path = Prosumma.framework; sourceTree = BUILT_PRODUCTS_DIR; };
		F31C9AC61B6E80DC00B322A9 /* Prosumma.h */ = {isa = PBXFileReference; lastKnownFileType = sourcecode.c.h; path = Prosumma.h; sourceTree = "<group>"; };
		F31C9AC81B6E80DC00B322A9 /* Info.plist */ = {isa = PBXFileReference; lastKnownFileType = text.plist.xml; path = Info.plist; sourceTree = "<group>"; };
		F31C9ACD1B6E80DC00B322A9 /* ProsummaTests.xctest */ = {isa = PBXFileReference; explicitFileType = wrapper.cfbundle; includeInIndex = 0; path = ProsummaTests.xctest; sourceTree = BUILT_PRODUCTS_DIR; };
		F31C9AD21B6E80DC00B322A9 /* ProsummaTests.swift */ = {isa = PBXFileReference; lastKnownFileType = sourcecode.swift; path = ProsummaTests.swift; sourceTree = "<group>"; };
		F31C9AD41B6E80DC00B322A9 /* Info.plist */ = {isa = PBXFileReference; lastKnownFileType = text.plist.xml; path = Info.plist; sourceTree = "<group>"; };
		F31C9ADD1B6E80FB00B322A9 /* PROKeyValueObservation.h */ = {isa = PBXFileReference; fileEncoding = 4; lastKnownFileType = sourcecode.c.h; path = PROKeyValueObservation.h; sourceTree = "<group>"; };
		F31C9ADE1B6E80FB00B322A9 /* PROKeyValueObservation.m */ = {isa = PBXFileReference; fileEncoding = 4; lastKnownFileType = sourcecode.c.objc; path = PROKeyValueObservation.m; sourceTree = "<group>"; };
		F33CA34D1B6E97A4004D3085 /* Prosumma.framework */ = {isa = PBXFileReference; explicitFileType = wrapper.framework; includeInIndex = 0; path = Prosumma.framework; sourceTree = BUILT_PRODUCTS_DIR; };
		F33CA3561B6E97A5004D3085 /* ProsummaTests.xctest */ = {isa = PBXFileReference; explicitFileType = wrapper.cfbundle; includeInIndex = 0; path = ProsummaTests.xctest; sourceTree = BUILT_PRODUCTS_DIR; };
		F35C57F81B6E990700340013 /* ProsummaTestsOSX-Bridging-Header.h */ = {isa = PBXFileReference; lastKnownFileType = sourcecode.c.h; path = "ProsummaTestsOSX-Bridging-Header.h"; sourceTree = "<group>"; };
		F35C57FF1B6E9AE900340013 /* LICENSE */ = {isa = PBXFileReference; lastKnownFileType = text; path = LICENSE; sourceTree = "<group>"; };
/* End PBXFileReference section */

/* Begin PBXFrameworksBuildPhase section */
		F31C9ABF1B6E80DC00B322A9 /* Frameworks */ = {
			isa = PBXFrameworksBuildPhase;
			buildActionMask = 2147483647;
			files = (
			);
			runOnlyForDeploymentPostprocessing = 0;
		};
		F31C9ACA1B6E80DC00B322A9 /* Frameworks */ = {
			isa = PBXFrameworksBuildPhase;
			buildActionMask = 2147483647;
			files = (
				F31C9ACE1B6E80DC00B322A9 /* Prosumma.framework in Frameworks */,
			);
			runOnlyForDeploymentPostprocessing = 0;
		};
		F33CA3491B6E97A4004D3085 /* Frameworks */ = {
			isa = PBXFrameworksBuildPhase;
			buildActionMask = 2147483647;
			files = (
			);
			runOnlyForDeploymentPostprocessing = 0;
		};
		F33CA3531B6E97A5004D3085 /* Frameworks */ = {
			isa = PBXFrameworksBuildPhase;
			buildActionMask = 2147483647;
			files = (
				F33CA3571B6E97A5004D3085 /* Prosumma.framework in Frameworks */,
			);
			runOnlyForDeploymentPostprocessing = 0;
		};
/* End PBXFrameworksBuildPhase section */

/* Begin PBXGroup section */
		F31C9AB91B6E80DC00B322A9 = {
			isa = PBXGroup;
			children = (
				F35C57FF1B6E9AE900340013 /* LICENSE */,
				F31C9AC51B6E80DC00B322A9 /* Prosumma */,
				F31C9AD11B6E80DC00B322A9 /* ProsummaTests */,
				F31C9AC41B6E80DC00B322A9 /* Products */,
			);
			sourceTree = "<group>";
		};
		F31C9AC41B6E80DC00B322A9 /* Products */ = {
			isa = PBXGroup;
			children = (
				F31C9AC31B6E80DC00B322A9 /* Prosumma.framework */,
				F31C9ACD1B6E80DC00B322A9 /* ProsummaTests.xctest */,
				F33CA34D1B6E97A4004D3085 /* Prosumma.framework */,
				F33CA3561B6E97A5004D3085 /* ProsummaTests.xctest */,
			);
			name = Products;
			sourceTree = "<group>";
		};
		F31C9AC51B6E80DC00B322A9 /* Prosumma */ = {
			isa = PBXGroup;
			children = (
				F31C9AC61B6E80DC00B322A9 /* Prosumma.h */,
				F31C9ADD1B6E80FB00B322A9 /* PROKeyValueObservation.h */,
				F31C9ADE1B6E80FB00B322A9 /* PROKeyValueObservation.m */,
				F31C9AC81B6E80DC00B322A9 /* Info.plist */,
			);
			path = Prosumma;
			sourceTree = "<group>";
		};
		F31C9AD11B6E80DC00B322A9 /* ProsummaTests */ = {
			isa = PBXGroup;
			children = (
				F35C57F81B6E990700340013 /* ProsummaTestsOSX-Bridging-Header.h */,
				F31C9AD21B6E80DC00B322A9 /* ProsummaTests.swift */,
				F31C9AD41B6E80DC00B322A9 /* Info.plist */,
			);
			path = ProsummaTests;
			sourceTree = "<group>";
		};
/* End PBXGroup section */

/* Begin PBXHeadersBuildPhase section */
		F31C9AC01B6E80DC00B322A9 /* Headers */ = {
			isa = PBXHeadersBuildPhase;
			buildActionMask = 2147483647;
			files = (
				F31C9AC71B6E80DC00B322A9 /* Prosumma.h in Headers */,
				F31C9ADF1B6E80FB00B322A9 /* PROKeyValueObservation.h in Headers */,
			);
			runOnlyForDeploymentPostprocessing = 0;
		};
		F33CA34A1B6E97A4004D3085 /* Headers */ = {
			isa = PBXHeadersBuildPhase;
			buildActionMask = 2147483647;
			files = (
				F35C57FC1B6E994200340013 /* PROKeyValueObservation.h in Headers */,
			);
			runOnlyForDeploymentPostprocessing = 0;
		};
/* End PBXHeadersBuildPhase section */

/* Begin PBXNativeTarget section */
		F31C9AC21B6E80DC00B322A9 /* ProsummaiOS */ = {
			isa = PBXNativeTarget;
			buildConfigurationList = F31C9AD71B6E80DC00B322A9 /* Build configuration list for PBXNativeTarget "ProsummaiOS" */;
			buildPhases = (
				F31C9ABE1B6E80DC00B322A9 /* Sources */,
				F31C9ABF1B6E80DC00B322A9 /* Frameworks */,
				F31C9AC01B6E80DC00B322A9 /* Headers */,
				F31C9AC11B6E80DC00B322A9 /* Resources */,
			);
			buildRules = (
			);
			dependencies = (
			);
			name = ProsummaiOS;
			productName = Prosumma;
			productReference = F31C9AC31B6E80DC00B322A9 /* Prosumma.framework */;
			productType = "com.apple.product-type.framework";
		};
		F31C9ACC1B6E80DC00B322A9 /* ProsummaTestsiOS */ = {
			isa = PBXNativeTarget;
			buildConfigurationList = F31C9ADA1B6E80DC00B322A9 /* Build configuration list for PBXNativeTarget "ProsummaTestsiOS" */;
			buildPhases = (
				F31C9AC91B6E80DC00B322A9 /* Sources */,
				F31C9ACA1B6E80DC00B322A9 /* Frameworks */,
				F31C9ACB1B6E80DC00B322A9 /* Resources */,
			);
			buildRules = (
			);
			dependencies = (
				F31C9AD01B6E80DC00B322A9 /* PBXTargetDependency */,
			);
			name = ProsummaTestsiOS;
			productName = ProsummaTests;
			productReference = F31C9ACD1B6E80DC00B322A9 /* ProsummaTests.xctest */;
			productType = "com.apple.product-type.bundle.unit-test";
		};
		F33CA34C1B6E97A4004D3085 /* ProsummaOSX */ = {
			isa = PBXNativeTarget;
			buildConfigurationList = F33CA3621B6E97A5004D3085 /* Build configuration list for PBXNativeTarget "ProsummaOSX" */;
			buildPhases = (
				F33CA3481B6E97A4004D3085 /* Sources */,
				F33CA3491B6E97A4004D3085 /* Frameworks */,
				F33CA34A1B6E97A4004D3085 /* Headers */,
				F33CA34B1B6E97A4004D3085 /* Resources */,
			);
			buildRules = (
			);
			dependencies = (
			);
			name = ProsummaOSX;
			productName = Prosumma;
			productReference = F33CA34D1B6E97A4004D3085 /* Prosumma.framework */;
			productType = "com.apple.product-type.framework";
		};
		F33CA3551B6E97A5004D3085 /* ProsummaTestsOSX */ = {
			isa = PBXNativeTarget;
			buildConfigurationList = F33CA3631B6E97A5004D3085 /* Build configuration list for PBXNativeTarget "ProsummaTestsOSX" */;
			buildPhases = (
				F33CA3521B6E97A5004D3085 /* Sources */,
				F33CA3531B6E97A5004D3085 /* Frameworks */,
				F33CA3541B6E97A5004D3085 /* Resources */,
			);
			buildRules = (
			);
			dependencies = (
				F33CA3591B6E97A5004D3085 /* PBXTargetDependency */,
			);
			name = ProsummaTestsOSX;
			productName = ProsummaTests;
			productReference = F33CA3561B6E97A5004D3085 /* ProsummaTests.xctest */;
			productType = "com.apple.product-type.bundle.unit-test";
		};
/* End PBXNativeTarget section */

/* Begin PBXProject section */
		F31C9ABA1B6E80DC00B322A9 /* Project object */ = {
			isa = PBXProject;
			attributes = {
				LastSwiftUpdateCheck = 0700;
				LastUpgradeCheck = 0700;
				ORGANIZATIONNAME = "Prosumma LLC";
				TargetAttributes = {
					F31C9AC21B6E80DC00B322A9 = {
						CreatedOnToolsVersion = 7.0;
					};
					F31C9ACC1B6E80DC00B322A9 = {
						CreatedOnToolsVersion = 7.0;
					};
					F33CA34C1B6E97A4004D3085 = {
						CreatedOnToolsVersion = 7.0;
					};
					F33CA3551B6E97A5004D3085 = {
						CreatedOnToolsVersion = 7.0;
					};
				};
			};
			buildConfigurationList = F31C9ABD1B6E80DC00B322A9 /* Build configuration list for PBXProject "Prosumma" */;
			compatibilityVersion = "Xcode 3.2";
			developmentRegion = English;
			hasScannedForEncodings = 0;
			knownRegions = (
				en,
			);
			mainGroup = F31C9AB91B6E80DC00B322A9;
			productRefGroup = F31C9AC41B6E80DC00B322A9 /* Products */;
			projectDirPath = "";
			projectRoot = "";
			targets = (
				F31C9AC21B6E80DC00B322A9 /* ProsummaiOS */,
				F31C9ACC1B6E80DC00B322A9 /* ProsummaTestsiOS */,
				F33CA34C1B6E97A4004D3085 /* ProsummaOSX */,
				F33CA3551B6E97A5004D3085 /* ProsummaTestsOSX */,
			);
		};
/* End PBXProject section */

/* Begin PBXResourcesBuildPhase section */
		F31C9AC11B6E80DC00B322A9 /* Resources */ = {
			isa = PBXResourcesBuildPhase;
			buildActionMask = 2147483647;
			files = (
			);
			runOnlyForDeploymentPostprocessing = 0;
		};
		F31C9ACB1B6E80DC00B322A9 /* Resources */ = {
			isa = PBXResourcesBuildPhase;
			buildActionMask = 2147483647;
			files = (
			);
			runOnlyForDeploymentPostprocessing = 0;
		};
		F33CA34B1B6E97A4004D3085 /* Resources */ = {
			isa = PBXResourcesBuildPhase;
			buildActionMask = 2147483647;
			files = (
			);
			runOnlyForDeploymentPostprocessing = 0;
		};
		F33CA3541B6E97A5004D3085 /* Resources */ = {
			isa = PBXResourcesBuildPhase;
			buildActionMask = 2147483647;
			files = (
			);
			runOnlyForDeploymentPostprocessing = 0;
		};
/* End PBXResourcesBuildPhase section */

/* Begin PBXSourcesBuildPhase section */
		F31C9ABE1B6E80DC00B322A9 /* Sources */ = {
			isa = PBXSourcesBuildPhase;
			buildActionMask = 2147483647;
			files = (
				F31C9AE01B6E80FB00B322A9 /* PROKeyValueObservation.m in Sources */,
			);
			runOnlyForDeploymentPostprocessing = 0;
		};
		F31C9AC91B6E80DC00B322A9 /* Sources */ = {
			isa = PBXSourcesBuildPhase;
			buildActionMask = 2147483647;
			files = (
				F31C9AE11B6E80FB00B322A9 /* PROKeyValueObservation.m in Sources */,
				F31C9AD31B6E80DC00B322A9 /* ProsummaTests.swift in Sources */,
			);
			runOnlyForDeploymentPostprocessing = 0;
		};
		F33CA3481B6E97A4004D3085 /* Sources */ = {
			isa = PBXSourcesBuildPhase;
			buildActionMask = 2147483647;
			files = (
				F35C57FD1B6E99B300340013 /* PROKeyValueObservation.m in Sources */,
			);
			runOnlyForDeploymentPostprocessing = 0;
		};
		F33CA3521B6E97A5004D3085 /* Sources */ = {
			isa = PBXSourcesBuildPhase;
			buildActionMask = 2147483647;
			files = (
				F35C57FE1B6E99B400340013 /* PROKeyValueObservation.m in Sources */,
			);
			runOnlyForDeploymentPostprocessing = 0;
		};
/* End PBXSourcesBuildPhase section */

/* Begin PBXTargetDependency section */
		F31C9AD01B6E80DC00B322A9 /* PBXTargetDependency */ = {
			isa = PBXTargetDependency;
			target = F31C9AC21B6E80DC00B322A9 /* ProsummaiOS */;
			targetProxy = F31C9ACF1B6E80DC00B322A9 /* PBXContainerItemProxy */;
		};
		F33CA3591B6E97A5004D3085 /* PBXTargetDependency */ = {
			isa = PBXTargetDependency;
			target = F33CA34C1B6E97A4004D3085 /* ProsummaOSX */;
			targetProxy = F33CA3581B6E97A5004D3085 /* PBXContainerItemProxy */;
		};
/* End PBXTargetDependency section */

/* Begin XCBuildConfiguration section */
		F31C9AD51B6E80DC00B322A9 /* Debug */ = {
			isa = XCBuildConfiguration;
			buildSettings = {
				ALWAYS_SEARCH_USER_PATHS = NO;
				CLANG_CXX_LANGUAGE_STANDARD = "gnu++0x";
				CLANG_CXX_LIBRARY = "libc++";
				CLANG_ENABLE_MODULES = YES;
				CLANG_ENABLE_OBJC_ARC = YES;
				CLANG_WARN_BOOL_CONVERSION = YES;
				CLANG_WARN_CONSTANT_CONVERSION = YES;
				CLANG_WARN_DIRECT_OBJC_ISA_USAGE = YES_ERROR;
				CLANG_WARN_EMPTY_BODY = YES;
				CLANG_WARN_ENUM_CONVERSION = YES;
				CLANG_WARN_INT_CONVERSION = YES;
				CLANG_WARN_OBJC_ROOT_CLASS = YES_ERROR;
				CLANG_WARN_UNREACHABLE_CODE = YES;
				CLANG_WARN__DUPLICATE_METHOD_MATCH = YES;
				"CODE_SIGN_IDENTITY[sdk=iphoneos*]" = "iPhone Developer";
				COPY_PHASE_STRIP = NO;
				CURRENT_PROJECT_VERSION = 1;
				DEBUG_INFORMATION_FORMAT = dwarf;
				ENABLE_STRICT_OBJC_MSGSEND = YES;
				ENABLE_TESTABILITY = YES;
				GCC_C_LANGUAGE_STANDARD = gnu99;
				GCC_DYNAMIC_NO_PIC = NO;
				GCC_NO_COMMON_BLOCKS = YES;
				GCC_OPTIMIZATION_LEVEL = 0;
				GCC_PREPROCESSOR_DEFINITIONS = (
					"DEBUG=1",
					"$(inherited)",
				);
				GCC_WARN_64_TO_32_BIT_CONVERSION = YES;
				GCC_WARN_ABOUT_RETURN_TYPE = YES_ERROR;
				GCC_WARN_UNDECLARED_SELECTOR = YES;
				GCC_WARN_UNINITIALIZED_AUTOS = YES_AGGRESSIVE;
				GCC_WARN_UNUSED_FUNCTION = YES;
				GCC_WARN_UNUSED_VARIABLE = YES;
				IPHONEOS_DEPLOYMENT_TARGET = 9.0;
				MTL_ENABLE_DEBUG_INFO = YES;
				ONLY_ACTIVE_ARCH = YES;
				OTHER_SWIFT_FLAGS = "-DDEBUG";
				SDKROOT = iphoneos;
				SWIFT_OPTIMIZATION_LEVEL = "-Onone";
				TARGETED_DEVICE_FAMILY = "1,2";
				VERSIONING_SYSTEM = "apple-generic";
				VERSION_INFO_PREFIX = "";
			};
			name = Debug;
		};
		F31C9AD61B6E80DC00B322A9 /* Release */ = {
			isa = XCBuildConfiguration;
			buildSettings = {
				ALWAYS_SEARCH_USER_PATHS = NO;
				CLANG_CXX_LANGUAGE_STANDARD = "gnu++0x";
				CLANG_CXX_LIBRARY = "libc++";
				CLANG_ENABLE_MODULES = YES;
				CLANG_ENABLE_OBJC_ARC = YES;
				CLANG_WARN_BOOL_CONVERSION = YES;
				CLANG_WARN_CONSTANT_CONVERSION = YES;
				CLANG_WARN_DIRECT_OBJC_ISA_USAGE = YES_ERROR;
				CLANG_WARN_EMPTY_BODY = YES;
				CLANG_WARN_ENUM_CONVERSION = YES;
				CLANG_WARN_INT_CONVERSION = YES;
				CLANG_WARN_OBJC_ROOT_CLASS = YES_ERROR;
				CLANG_WARN_UNREACHABLE_CODE = YES;
				CLANG_WARN__DUPLICATE_METHOD_MATCH = YES;
				"CODE_SIGN_IDENTITY[sdk=iphoneos*]" = "iPhone Developer";
				COPY_PHASE_STRIP = NO;
				CURRENT_PROJECT_VERSION = 1;
				DEBUG_INFORMATION_FORMAT = "dwarf-with-dsym";
				ENABLE_NS_ASSERTIONS = NO;
				ENABLE_STRICT_OBJC_MSGSEND = YES;
				GCC_C_LANGUAGE_STANDARD = gnu99;
				GCC_NO_COMMON_BLOCKS = YES;
				GCC_WARN_64_TO_32_BIT_CONVERSION = YES;
				GCC_WARN_ABOUT_RETURN_TYPE = YES_ERROR;
				GCC_WARN_UNDECLARED_SELECTOR = YES;
				GCC_WARN_UNINITIALIZED_AUTOS = YES_AGGRESSIVE;
				GCC_WARN_UNUSED_FUNCTION = YES;
				GCC_WARN_UNUSED_VARIABLE = YES;
				IPHONEOS_DEPLOYMENT_TARGET = 9.0;
				MTL_ENABLE_DEBUG_INFO = NO;
				SDKROOT = iphoneos;
				TARGETED_DEVICE_FAMILY = "1,2";
				VALIDATE_PRODUCT = YES;
				VERSIONING_SYSTEM = "apple-generic";
				VERSION_INFO_PREFIX = "";
			};
			name = Release;
		};
		F31C9AD81B6E80DC00B322A9 /* Debug */ = {
			isa = XCBuildConfiguration;
			buildSettings = {
				CLANG_ENABLE_MODULES = YES;
				DEFINES_MODULE = YES;
				DYLIB_COMPATIBILITY_VERSION = 1;
				DYLIB_CURRENT_VERSION = 1;
				DYLIB_INSTALL_NAME_BASE = "@rpath";
				INFOPLIST_FILE = Prosumma/Info.plist;
				INSTALL_PATH = "$(LOCAL_LIBRARY_DIR)/Frameworks";
				LD_RUNPATH_SEARCH_PATHS = "$(inherited) @executable_path/Frameworks @loader_path/Frameworks";
				PRODUCT_BUNDLE_IDENTIFIER = com.prosumma.Prosumma;
				PRODUCT_NAME = Prosumma;
				SKIP_INSTALL = YES;
				SWIFT_OPTIMIZATION_LEVEL = "-Onone";
			};
			name = Debug;
		};
		F31C9AD91B6E80DC00B322A9 /* Release */ = {
			isa = XCBuildConfiguration;
			buildSettings = {
				CLANG_ENABLE_MODULES = YES;
				DEFINES_MODULE = YES;
				DYLIB_COMPATIBILITY_VERSION = 1;
				DYLIB_CURRENT_VERSION = 1;
				DYLIB_INSTALL_NAME_BASE = "@rpath";
				INFOPLIST_FILE = Prosumma/Info.plist;
				INSTALL_PATH = "$(LOCAL_LIBRARY_DIR)/Frameworks";
				LD_RUNPATH_SEARCH_PATHS = "$(inherited) @executable_path/Frameworks @loader_path/Frameworks";
				PRODUCT_BUNDLE_IDENTIFIER = com.prosumma.Prosumma;
				PRODUCT_NAME = Prosumma;
				SKIP_INSTALL = YES;
			};
			name = Release;
		};
		F31C9ADB1B6E80DC00B322A9 /* Debug */ = {
			isa = XCBuildConfiguration;
			buildSettings = {
				CLANG_ENABLE_MODULES = YES;
				INFOPLIST_FILE = ProsummaTests/Info.plist;
				LD_RUNPATH_SEARCH_PATHS = "$(inherited) @executable_path/Frameworks @loader_path/Frameworks";
				PRODUCT_BUNDLE_IDENTIFIER = com.prosumma.ProsummaTests;
				PRODUCT_NAME = ProsummaTests;
				SWIFT_OPTIMIZATION_LEVEL = "-Onone";
			};
			name = Debug;
		};
		F31C9ADC1B6E80DC00B322A9 /* Release */ = {
			isa = XCBuildConfiguration;
			buildSettings = {
				CLANG_ENABLE_MODULES = YES;
				INFOPLIST_FILE = ProsummaTests/Info.plist;
				LD_RUNPATH_SEARCH_PATHS = "$(inherited) @executable_path/Frameworks @loader_path/Frameworks";
				PRODUCT_BUNDLE_IDENTIFIER = com.prosumma.ProsummaTests;
				PRODUCT_NAME = ProsummaTests;
			};
			name = Release;
		};
		F33CA35E1B6E97A5004D3085 /* Debug */ = {
			isa = XCBuildConfiguration;
			buildSettings = {
				CLANG_ENABLE_MODULES = YES;
				COMBINE_HIDPI_IMAGES = YES;
				DEFINES_MODULE = YES;
				DYLIB_COMPATIBILITY_VERSION = 1;
				DYLIB_CURRENT_VERSION = 1;
				DYLIB_INSTALL_NAME_BASE = "@rpath";
				FRAMEWORK_VERSION = A;
				INFOPLIST_FILE = Prosumma/Info.plist;
				INSTALL_PATH = "$(LOCAL_LIBRARY_DIR)/Frameworks";
				LD_RUNPATH_SEARCH_PATHS = "$(inherited) @executable_path/../Frameworks @loader_path/Frameworks";
				MACOSX_DEPLOYMENT_TARGET = 10.10;
				PRODUCT_BUNDLE_IDENTIFIER = com.prosumma.Prosumma;
				PRODUCT_NAME = Prosumma;
				SDKROOT = macosx;
				SKIP_INSTALL = YES;
				SWIFT_OPTIMIZATION_LEVEL = "-Onone";
			};
			name = Debug;
		};
		F33CA35F1B6E97A5004D3085 /* Release */ = {
			isa = XCBuildConfiguration;
			buildSettings = {
				CLANG_ENABLE_MODULES = YES;
				COMBINE_HIDPI_IMAGES = YES;
				DEFINES_MODULE = YES;
				DYLIB_COMPATIBILITY_VERSION = 1;
				DYLIB_CURRENT_VERSION = 1;
				DYLIB_INSTALL_NAME_BASE = "@rpath";
				FRAMEWORK_VERSION = A;
				INFOPLIST_FILE = Prosumma/Info.plist;
				INSTALL_PATH = "$(LOCAL_LIBRARY_DIR)/Frameworks";
				LD_RUNPATH_SEARCH_PATHS = "$(inherited) @executable_path/../Frameworks @loader_path/Frameworks";
				MACOSX_DEPLOYMENT_TARGET = 10.10;
				PRODUCT_BUNDLE_IDENTIFIER = com.prosumma.Prosumma;
				PRODUCT_NAME = Prosumma;
				SDKROOT = macosx;
				SKIP_INSTALL = YES;
			};
			name = Release;
		};
		F33CA3601B6E97A5004D3085 /* Debug */ = {
			isa = XCBuildConfiguration;
			buildSettings = {
				CLANG_ENABLE_MODULES = YES;
				COMBINE_HIDPI_IMAGES = YES;
				INFOPLIST_FILE = ProsummaTests/Info.plist;
				LD_RUNPATH_SEARCH_PATHS = "$(inherited) @executable_path/../Frameworks @loader_path/../Frameworks";
				MACOSX_DEPLOYMENT_TARGET = 10.10;
				PRODUCT_BUNDLE_IDENTIFIER = com.prosumma.ProsummaTests;
				PRODUCT_NAME = ProsummaTests;
				SDKROOT = macosx;
				SWIFT_OBJC_BRIDGING_HEADER = "ProsummaTests/ProsummaTestsOSX-Bridging-Header.h";
				SWIFT_OPTIMIZATION_LEVEL = "-Onone";
			};
			name = Debug;
		};
		F33CA3611B6E97A5004D3085 /* Release */ = {
			isa = XCBuildConfiguration;
			buildSettings = {
				CLANG_ENABLE_MODULES = YES;
				COMBINE_HIDPI_IMAGES = YES;
				INFOPLIST_FILE = ProsummaTests/Info.plist;
				LD_RUNPATH_SEARCH_PATHS = "$(inherited) @executable_path/../Frameworks @loader_path/../Frameworks";
				MACOSX_DEPLOYMENT_TARGET = 10.10;
				PRODUCT_BUNDLE_IDENTIFIER = com.prosumma.ProsummaTests;
				PRODUCT_NAME = ProsummaTests;
				SDKROOT = macosx;
				SWIFT_OBJC_BRIDGING_HEADER = "ProsummaTests/ProsummaTestsOSX-Bridging-Header.h";
			};
			name = Release;
		};
/* End XCBuildConfiguration section */

/* Begin XCConfigurationList section */
		F31C9ABD1B6E80DC00B322A9 /* Build configuration list for PBXProject "Prosumma" */ = {
			isa = XCConfigurationList;
			buildConfigurations = (
				F31C9AD51B6E80DC00B322A9 /* Debug */,
				F31C9AD61B6E80DC00B322A9 /* Release */,
			);
			defaultConfigurationIsVisible = 0;
			defaultConfigurationName = Release;
		};
		F31C9AD71B6E80DC00B322A9 /* Build configuration list for PBXNativeTarget "ProsummaiOS" */ = {
			isa = XCConfigurationList;
			buildConfigurations = (
				F31C9AD81B6E80DC00B322A9 /* Debug */,
				F31C9AD91B6E80DC00B322A9 /* Release */,
			);
			defaultConfigurationIsVisible = 0;
			defaultConfigurationName = Release;
		};
		F31C9ADA1B6E80DC00B322A9 /* Build configuration list for PBXNativeTarget "ProsummaTestsiOS" */ = {
			isa = XCConfigurationList;
			buildConfigurations = (
				F31C9ADB1B6E80DC00B322A9 /* Debug */,
				F31C9ADC1B6E80DC00B322A9 /* Release */,
			);
			defaultConfigurationIsVisible = 0;
			defaultConfigurationName = Release;
		};
		F33CA3621B6E97A5004D3085 /* Build configuration list for PBXNativeTarget "ProsummaOSX" */ = {
			isa = XCConfigurationList;
			buildConfigurations = (
				F33CA35E1B6E97A5004D3085 /* Debug */,
				F33CA35F1B6E97A5004D3085 /* Release */,
			);
			defaultConfigurationIsVisible = 0;
			defaultConfigurationName = Release;
		};
		F33CA3631B6E97A5004D3085 /* Build configuration list for PBXNativeTarget "ProsummaTestsOSX" */ = {
			isa = XCConfigurationList;
			buildConfigurations = (
				F33CA3601B6E97A5004D3085 /* Debug */,
				F33CA3611B6E97A5004D3085 /* Release */,
			);
			defaultConfigurationIsVisible = 0;
			defaultConfigurationName = Release;
		};
/* End XCConfigurationList section */
	};
	rootObject = F31C9ABA1B6E80DC00B322A9 /* Project object */;
}
